
Microsoft Visual Studio Solution File, Format Version 12.00
# Visual Studio 15
VisualStudioVersion = 15.0.26730.10
MinimumVisualStudioVersion = 10.0.40219.1

Project("{6EC3EE1D-3C4E-46DD-8F32-0CC8E7565705}") = "FabulousLogin", "FabulousLogin\FabulousLogin.fsproj", "{F0B9E1A3-C639-4D55-A262-2C49F8A5FD13}"
EndProject

Project("{F2A71F9B-5D33-465A-A702-920D77279786}") = "FabulousLogin.Android", "FabulousLogin.Android\FabulousLogin.Android.fsproj", "{98EB4F67-251E-4874-B902-82D5920E0E67}"
EndProject


Project("{F2A71F9B-5D33-465A-A702-920D77279786}") = "FabulousLogin.iOS", "FabulousLogin.iOS\FabulousLogin.iOS.fsproj", "{D3DD9FA1-0E02-4B9C-A187-69809C854878}"
EndProject




Global
	GlobalSection(SolutionConfigurationPlatforms) = preSolution
		Ad-Hoc|Any CPU = Ad-Hoc|Any CPU
		Ad-Hoc|ARM = Ad-Hoc|ARM
		Ad-Hoc|iPhone = Ad-Hoc|iPhone
		Ad-Hoc|iPhoneSimulator = Ad-Hoc|iPhoneSimulator
		Ad-Hoc|x64 = Ad-Hoc|x64
		Ad-Hoc|x86 = Ad-Hoc|x86
		AppStore|Any CPU = AppStore|Any CPU
		AppStore|ARM = AppStore|ARM
		AppStore|iPhone = AppStore|iPhone
		AppStore|iPhoneSimulator = AppStore|iPhoneSimulator
		AppStore|x64 = AppStore|x64
		AppStore|x86 = AppStore|x86
		Debug|Any CPU = Debug|Any CPU
		Debug|ARM = Debug|ARM
		Debug|iPhone = Debug|iPhone
		Debug|iPhoneSimulator = Debug|iPhoneSimulator
		Debug|x64 = Debug|x64
		Debug|x86 = Debug|x86
		Release|Any CPU = Release|Any CPU
		Release|ARM = Release|ARM
		Release|iPhone = Release|iPhone
		Release|iPhoneSimulator = Release|iPhoneSimulator
		Release|x64 = Release|x64
		Release|x86 = Release|x86
	EndGlobalSection
	GlobalSection(ProjectConfigurationPlatforms) = postSolution
		{F0B9E1A3-C639-4D55-A262-2C49F8A5FD13}.Ad-Hoc|Any CPU.ActiveCfg = Debug|Any CPU
		{F0B9E1A3-C639-4D55-A262-2C49F8A5FD13}.Ad-Hoc|Any CPU.Build.0 = Debug|Any CPU
		{F0B9E1A3-C639-4D55-A262-2C49F8A5FD13}.Ad-Hoc|ARM.ActiveCfg = Debug|Any CPU
		{F0B9E1A3-C639-4D55-A262-2C49F8A5FD13}.Ad-Hoc|ARM.Build.0 = Debug|Any CPU
		{F0B9E1A3-C639-4D55-A262-2C49F8A5FD13}.Ad-Hoc|iPhone.ActiveCfg = Debug|Any CPU
		{F0B9E1A3-C639-4D55-A262-2C49F8A5FD13}.Ad-Hoc|iPhone.Build.0 = Debug|Any CPU
		{F0B9E1A3-C639-4D55-A262-2C49F8A5FD13}.Ad-Hoc|iPhoneSimulator.ActiveCfg = Debug|Any CPU
		{F0B9E1A3-C639-4D55-A262-2C49F8A5FD13}.Ad-Hoc|iPhoneSimulator.Build.0 = Debug|Any CPU
		{F0B9E1A3-C639-4D55-A262-2C49F8A5FD13}.Ad-Hoc|x64.ActiveCfg = Debug|Any CPU
		{F0B9E1A3-C639-4D55-A262-2C49F8A5FD13}.Ad-Hoc|x64.Build.0 = Debug|Any CPU
		{F0B9E1A3-C639-4D55-A262-2C49F8A5FD13}.Ad-Hoc|x86.ActiveCfg = Debug|Any CPU
		{F0B9E1A3-C639-4D55-A262-2C49F8A5FD13}.Ad-Hoc|x86.Build.0 = Debug|Any CPU
		{F0B9E1A3-C639-4D55-A262-2C49F8A5FD13}.AppStore|Any CPU.ActiveCfg = Debug|Any CPU
		{F0B9E1A3-C639-4D55-A262-2C49F8A5FD13}.AppStore|Any CPU.Build.0 = Debug|Any CPU
		{F0B9E1A3-C639-4D55-A262-2C49F8A5FD13}.AppStore|ARM.ActiveCfg = Debug|Any CPU
		{F0B9E1A3-C639-4D55-A262-2C49F8A5FD13}.AppStore|ARM.Build.0 = Debug|Any CPU
		{F0B9E1A3-C639-4D55-A262-2C49F8A5FD13}.AppStore|iPhone.ActiveCfg = Debug|Any CPU
		{F0B9E1A3-C639-4D55-A262-2C49F8A5FD13}.AppStore|iPhone.Build.0 = Debug|Any CPU
		{F0B9E1A3-C639-4D55-A262-2C49F8A5FD13}.AppStore|iPhoneSimulator.ActiveCfg = Debug|Any CPU
		{F0B9E1A3-C639-4D55-A262-2C49F8A5FD13}.AppStore|iPhoneSimulator.Build.0 = Debug|Any CPU
		{F0B9E1A3-C639-4D55-A262-2C49F8A5FD13}.AppStore|x64.ActiveCfg = Debug|Any CPU
		{F0B9E1A3-C639-4D55-A262-2C49F8A5FD13}.AppStore|x64.Build.0 = Debug|Any CPU
		{F0B9E1A3-C639-4D55-A262-2C49F8A5FD13}.AppStore|x86.ActiveCfg = Debug|Any CPU
		{F0B9E1A3-C639-4D55-A262-2C49F8A5FD13}.AppStore|x86.Build.0 = Debug|Any CPU
		{F0B9E1A3-C639-4D55-A262-2C49F8A5FD13}.Debug|Any CPU.ActiveCfg = Debug|Any CPU
		{F0B9E1A3-C639-4D55-A262-2C49F8A5FD13}.Debug|Any CPU.Build.0 = Debug|Any CPU
		{F0B9E1A3-C639-4D55-A262-2C49F8A5FD13}.Debug|ARM.ActiveCfg = Debug|Any CPU
		{F0B9E1A3-C639-4D55-A262-2C49F8A5FD13}.Debug|ARM.Build.0 = Debug|Any CPU
		{F0B9E1A3-C639-4D55-A262-2C49F8A5FD13}.Debug|iPhone.ActiveCfg = Debug|Any CPU
		{F0B9E1A3-C639-4D55-A262-2C49F8A5FD13}.Debug|iPhone.Build.0 = Debug|Any CPU
		{F0B9E1A3-C639-4D55-A262-2C49F8A5FD13}.Debug|iPhoneSimulator.ActiveCfg = Debug|Any CPU
		{F0B9E1A3-C639-4D55-A262-2C49F8A5FD13}.Debug|iPhoneSimulator.Build.0 = Debug|Any CPU
		{F0B9E1A3-C639-4D55-A262-2C49F8A5FD13}.Debug|x64.ActiveCfg = Debug|Any CPU
		{F0B9E1A3-C639-4D55-A262-2C49F8A5FD13}.Debug|x64.Build.0 = Debug|Any CPU
		{F0B9E1A3-C639-4D55-A262-2C49F8A5FD13}.Debug|x86.ActiveCfg = Debug|Any CPU
		{F0B9E1A3-C639-4D55-A262-2C49F8A5FD13}.Debug|x86.Build.0 = Debug|Any CPU
		{F0B9E1A3-C639-4D55-A262-2C49F8A5FD13}.Release|Any CPU.ActiveCfg = Release|Any CPU
		{F0B9E1A3-C639-4D55-A262-2C49F8A5FD13}.Release|Any CPU.Build.0 = Release|Any CPU
		{F0B9E1A3-C639-4D55-A262-2C49F8A5FD13}.Release|ARM.ActiveCfg = Release|Any CPU
		{F0B9E1A3-C639-4D55-A262-2C49F8A5FD13}.Release|ARM.Build.0 = Release|Any CPU
		{F0B9E1A3-C639-4D55-A262-2C49F8A5FD13}.Release|iPhone.ActiveCfg = Release|Any CPU
		{F0B9E1A3-C639-4D55-A262-2C49F8A5FD13}.Release|iPhone.Build.0 = Release|Any CPU
		{F0B9E1A3-C639-4D55-A262-2C49F8A5FD13}.Release|iPhoneSimulator.ActiveCfg = Release|Any CPU
		{F0B9E1A3-C639-4D55-A262-2C49F8A5FD13}.Release|iPhoneSimulator.Build.0 = Release|Any CPU
		{F0B9E1A3-C639-4D55-A262-2C49F8A5FD13}.Release|x64.ActiveCfg = Release|Any CPU
		{F0B9E1A3-C639-4D55-A262-2C49F8A5FD13}.Release|x64.Build.0 = Release|Any CPU
		{F0B9E1A3-C639-4D55-A262-2C49F8A5FD13}.Release|x86.ActiveCfg = Release|Any CPU
		{F0B9E1A3-C639-4D55-A262-2C49F8A5FD13}.Release|x86.Build.0 = Release|Any CPU
		{D3DD9FA1-0E02-4B9C-A187-69809C854878}.Ad-Hoc|Any CPU.ActiveCfg = Ad-Hoc|iPhone
		{D3DD9FA1-0E02-4B9C-A187-69809C854878}.Ad-Hoc|ARM.ActiveCfg = Ad-Hoc|iPhone
		{D3DD9FA1-0E02-4B9C-A187-69809C854878}.Ad-Hoc|iPhone.ActiveCfg = Ad-Hoc|iPhone
		{D3DD9FA1-0E02-4B9C-A187-69809C854878}.Ad-Hoc|iPhone.Build.0 = Ad-Hoc|iPhone
		{D3DD9FA1-0E02-4B9C-A187-69809C854878}.Ad-Hoc|iPhoneSimulator.ActiveCfg = Ad-Hoc|iPhoneSimulator
		{D3DD9FA1-0E02-4B9C-A187-69809C854878}.Ad-Hoc|iPhoneSimulator.Build.0 = Ad-Hoc|iPhoneSimulator
		{D3DD9FA1-0E02-4B9C-A187-69809C854878}.Ad-Hoc|x64.ActiveCfg = Ad-Hoc|iPhone
		{D3DD9FA1-0E02-4B9C-A187-69809C854878}.Ad-Hoc|x86.ActiveCfg = Ad-Hoc|iPhone
		{D3DD9FA1-0E02-4B9C-A187-69809C854878}.AppStore|Any CPU.ActiveCfg = AppStore|iPhone
		{D3DD9FA1-0E02-4B9C-A187-69809C854878}.AppStore|ARM.ActiveCfg = AppStore|iPhone
		{D3DD9FA1-0E02-4B9C-A187-69809C854878}.AppStore|iPhone.ActiveCfg = AppStore|iPhone
		{D3DD9FA1-0E02-4B9C-A187-69809C854878}.AppStore|iPhone.Build.0 = AppStore|iPhone
		{D3DD9FA1-0E02-4B9C-A187-69809C854878}.AppStore|iPhoneSimulator.ActiveCfg = AppStore|iPhoneSimulator
		{D3DD9FA1-0E02-4B9C-A187-69809C854878}.AppStore|iPhoneSimulator.Build.0 = AppStore|iPhoneSimulator
		{D3DD9FA1-0E02-4B9C-A187-69809C854878}.AppStore|x64.ActiveCfg = AppStore|iPhone
		{D3DD9FA1-0E02-4B9C-A187-69809C854878}.AppStore|x86.ActiveCfg = AppStore|iPhone
		{D3DD9FA1-0E02-4B9C-A187-69809C854878}.Debug|Any CPU.ActiveCfg = Debug|iPhone
		{D3DD9FA1-0E02-4B9C-A187-69809C854878}.Debug|ARM.ActiveCfg = Debug|iPhone
		{D3DD9FA1-0E02-4B9C-A187-69809C854878}.Debug|iPhone.ActiveCfg = Debug|iPhone
		{D3DD9FA1-0E02-4B9C-A187-69809C854878}.Debug|iPhone.Build.0 = Debug|iPhone
		{D3DD9FA1-0E02-4B9C-A187-69809C854878}.Debug|iPhoneSimulator.ActiveCfg = Debug|iPhoneSimulator
		{D3DD9FA1-0E02-4B9C-A187-69809C854878}.Debug|iPhoneSimulator.Build.0 = Debug|iPhoneSimulator
		{D3DD9FA1-0E02-4B9C-A187-69809C854878}.Debug|x64.ActiveCfg = Debug|iPhone
		{D3DD9FA1-0E02-4B9C-A187-69809C854878}.Debug|x86.ActiveCfg = Debug|iPhone
		{D3DD9FA1-0E02-4B9C-A187-69809C854878}.Release|Any CPU.ActiveCfg = Release|iPhone
		{D3DD9FA1-0E02-4B9C-A187-69809C854878}.Release|ARM.ActiveCfg = Release|iPhone
		{D3DD9FA1-0E02-4B9C-A187-69809C854878}.Release|iPhone.ActiveCfg = Release|iPhone
		{D3DD9FA1-0E02-4B9C-A187-69809C854878}.Release|iPhone.Build.0 = Release|iPhone
		{D3DD9FA1-0E02-4B9C-A187-69809C854878}.Release|iPhoneSimulator.ActiveCfg = Release|iPhoneSimulator
		{D3DD9FA1-0E02-4B9C-A187-69809C854878}.Release|iPhoneSimulator.Build.0 = Release|iPhoneSimulator
		{D3DD9FA1-0E02-4B9C-A187-69809C854878}.Release|x64.ActiveCfg = Release|iPhone
		{D3DD9FA1-0E02-4B9C-A187-69809C854878}.Release|x86.ActiveCfg = Release|iPhone
		{4D6669C7-E554-452A-A226-247573752FCD}.Ad-Hoc|Any CPU.ActiveCfg = Release|x86
		{4D6669C7-E554-452A-A226-247573752FCD}.Ad-Hoc|Any CPU.Build.0 = Release|x86
		{4D6669C7-E554-452A-A226-247573752FCD}.Ad-Hoc|Any CPU.Deploy.0 = Release|x86
		{4D6669C7-E554-452A-A226-247573752FCD}.Ad-Hoc|ARM.ActiveCfg = Release|ARM
		{4D6669C7-E554-452A-A226-247573752FCD}.Ad-Hoc|ARM.Build.0 = Release|ARM
		{4D6669C7-E554-452A-A226-247573752FCD}.Ad-Hoc|ARM.Deploy.0 = Release|ARM
		{4D6669C7-E554-452A-A226-247573752FCD}.Ad-Hoc|iPhone.ActiveCfg = Release|x86
		{4D6669C7-E554-452A-A226-247573752FCD}.Ad-Hoc|iPhone.Build.0 = Release|x86
		{4D6669C7-E554-452A-A226-247573752FCD}.Ad-Hoc|iPhone.Deploy.0 = Release|x86
		{4D6669C7-E554-452A-A226-247573752FCD}.Ad-Hoc|iPhoneSimulator.ActiveCfg = Release|x86
		{4D6669C7-E554-452A-A226-247573752FCD}.Ad-Hoc|iPhoneSimulator.Build.0 = Release|x86
		{4D6669C7-E554-452A-A226-247573752FCD}.Ad-Hoc|iPhoneSimulator.Deploy.0 = Release|x86
		{4D6669C7-E554-452A-A226-247573752FCD}.Ad-Hoc|x64.ActiveCfg = Release|x64
		{4D6669C7-E554-452A-A226-247573752FCD}.Ad-Hoc|x64.Build.0 = Release|x64
		{4D6669C7-E554-452A-A226-247573752FCD}.Ad-Hoc|x64.Deploy.0 = Release|x64
		{4D6669C7-E554-452A-A226-247573752FCD}.Ad-Hoc|x86.ActiveCfg = Release|x86
		{4D6669C7-E554-452A-A226-247573752FCD}.Ad-Hoc|x86.Build.0 = Release|x86
		{4D6669C7-E554-452A-A226-247573752FCD}.Ad-Hoc|x86.Deploy.0 = Release|x86
		{4D6669C7-E554-452A-A226-247573752FCD}.AppStore|Any CPU.ActiveCfg = Release|x86
		{4D6669C7-E554-452A-A226-247573752FCD}.AppStore|Any CPU.Build.0 = Release|x86
		{4D6669C7-E554-452A-A226-247573752FCD}.AppStore|Any CPU.Deploy.0 = Release|x86
		{4D6669C7-E554-452A-A226-247573752FCD}.AppStore|ARM.ActiveCfg = Release|ARM
		{4D6669C7-E554-452A-A226-247573752FCD}.AppStore|ARM.Build.0 = Release|ARM
		{4D6669C7-E554-452A-A226-247573752FCD}.AppStore|ARM.Deploy.0 = Release|ARM
		{4D6669C7-E554-452A-A226-247573752FCD}.AppStore|iPhone.ActiveCfg = Release|x86
		{4D6669C7-E554-452A-A226-247573752FCD}.AppStore|iPhone.Build.0 = Release|x86
		{4D6669C7-E554-452A-A226-247573752FCD}.AppStore|iPhone.Deploy.0 = Release|x86
		{4D6669C7-E554-452A-A226-247573752FCD}.AppStore|iPhoneSimulator.ActiveCfg = Release|x86
		{4D6669C7-E554-452A-A226-247573752FCD}.AppStore|iPhoneSimulator.Build.0 = Release|x86
		{4D6669C7-E554-452A-A226-247573752FCD}.AppStore|iPhoneSimulator.Deploy.0 = Release|x86
		{4D6669C7-E554-452A-A226-247573752FCD}.AppStore|x64.ActiveCfg = Release|x64
		{4D6669C7-E554-452A-A226-247573752FCD}.AppStore|x64.Build.0 = Release|x64
		{4D6669C7-E554-452A-A226-247573752FCD}.AppStore|x64.Deploy.0 = Release|x64
		{4D6669C7-E554-452A-A226-247573752FCD}.AppStore|x86.ActiveCfg = Release|x86
		{4D6669C7-E554-452A-A226-247573752FCD}.AppStore|x86.Build.0 = Release|x86
		{4D6669C7-E554-452A-A226-247573752FCD}.AppStore|x86.Deploy.0 = Release|x86
		{4D6669C7-E554-452A-A226-247573752FCD}.Debug|Any CPU.ActiveCfg = Debug|x86
		{4D6669C7-E554-452A-A226-247573752FCD}.Debug|ARM.ActiveCfg = Debug|ARM
		{4D6669C7-E554-452A-A226-247573752FCD}.Debug|ARM.Build.0 = Debug|ARM
		{4D6669C7-E554-452A-A226-247573752FCD}.Debug|ARM.Deploy.0 = Debug|ARM
		{4D6669C7-E554-452A-A226-247573752FCD}.Debug|iPhone.ActiveCfg = Debug|x86
		{4D6669C7-E554-452A-A226-247573752FCD}.Debug|iPhoneSimulator.ActiveCfg = Debug|x86
		{4D6669C7-E554-452A-A226-247573752FCD}.Debug|x64.ActiveCfg = Debug|x64
		{4D6669C7-E554-452A-A226-247573752FCD}.Debug|x64.Build.0 = Debug|x64
		{4D6669C7-E554-452A-A226-247573752FCD}.Debug|x64.Deploy.0 = Debug|x64
		{4D6669C7-E554-452A-A226-247573752FCD}.Debug|x86.ActiveCfg = Debug|x86
		{4D6669C7-E554-452A-A226-247573752FCD}.Debug|x86.Build.0 = Debug|x86
		{4D6669C7-E554-452A-A226-247573752FCD}.Debug|x86.Deploy.0 = Debug|x86
		{4D6669C7-E554-452A-A226-247573752FCD}.Release|Any CPU.ActiveCfg = Release|x86
		{4D6669C7-E554-452A-A226-247573752FCD}.Release|ARM.ActiveCfg = Release|ARM
		{4D6669C7-E554-452A-A226-247573752FCD}.Release|ARM.Build.0 = Release|ARM
		{4D6669C7-E554-452A-A226-247573752FCD}.Release|ARM.Deploy.0 = Release|ARM
		{4D6669C7-E554-452A-A226-247573752FCD}.Release|iPhone.ActiveCfg = Release|x86
		{4D6669C7-E554-452A-A226-247573752FCD}.Release|iPhoneSimulator.ActiveCfg = Release|x86
		{4D6669C7-E554-452A-A226-247573752FCD}.Release|x64.ActiveCfg = Release|x64
		{4D6669C7-E554-452A-A226-247573752FCD}.Release|x64.Build.0 = Release|x64
		{4D6669C7-E554-452A-A226-247573752FCD}.Release|x64.Deploy.0 = Release|x64
		{4D6669C7-E554-452A-A226-247573752FCD}.Release|x86.ActiveCfg = Release|x86
		{4D6669C7-E554-452A-A226-247573752FCD}.Release|x86.Build.0 = Release|x86
		{4D6669C7-E554-452A-A226-247573752FCD}.Release|x86.Deploy.0 = Release|x86
		{354975AD-632B-46C9-9909-DCC959E10E2D}.Ad-Hoc|Any CPU.ActiveCfg = Release|Any CPU
		{354975AD-632B-46C9-9909-DCC959E10E2D}.Ad-Hoc|Any CPU.Build.0 = Release|Any CPU
		{354975AD-632B-46C9-9909-DCC959E10E2D}.Ad-Hoc|ARM.ActiveCfg = Release|Any CPU
		{354975AD-632B-46C9-9909-DCC959E10E2D}.Ad-Hoc|ARM.Build.0 = Release|Any CPU
		{354975AD-632B-46C9-9909-DCC959E10E2D}.Ad-Hoc|iPhone.ActiveCfg = Release|Any CPU
		{354975AD-632B-46C9-9909-DCC959E10E2D}.Ad-Hoc|iPhone.Build.0 = Release|Any CPU
		{354975AD-632B-46C9-9909-DCC959E10E2D}.Ad-Hoc|iPhoneSimulator.ActiveCfg = Release|Any CPU
		{354975AD-632B-46C9-9909-DCC959E10E2D}.Ad-Hoc|iPhoneSimulator.Build.0 = Release|Any CPU
		{354975AD-632B-46C9-9909-DCC959E10E2D}.Ad-Hoc|x64.ActiveCfg = Release|Any CPU
		{354975AD-632B-46C9-9909-DCC959E10E2D}.Ad-Hoc|x64.Build.0 = Release|Any CPU
		{354975AD-632B-46C9-9909-DCC959E10E2D}.Ad-Hoc|x86.ActiveCfg = Release|Any CPU
		{354975AD-632B-46C9-9909-DCC959E10E2D}.Ad-Hoc|x86.Build.0 = Release|Any CPU
		{354975AD-632B-46C9-9909-DCC959E10E2D}.AppStore|Any CPU.ActiveCfg = Release|Any CPU
		{354975AD-632B-46C9-9909-DCC959E10E2D}.AppStore|Any CPU.Build.0 = Release|Any CPU
		{354975AD-632B-46C9-9909-DCC959E10E2D}.AppStore|ARM.ActiveCfg = Release|Any CPU
		{354975AD-632B-46C9-9909-DCC959E10E2D}.AppStore|ARM.Build.0 = Release|Any CPU
		{354975AD-632B-46C9-9909-DCC959E10E2D}.AppStore|iPhone.ActiveCfg = Release|Any CPU
		{354975AD-632B-46C9-9909-DCC959E10E2D}.AppStore|iPhone.Build.0 = Release|Any CPU
		{354975AD-632B-46C9-9909-DCC959E10E2D}.AppStore|iPhoneSimulator.ActiveCfg = Release|Any CPU
		{354975AD-632B-46C9-9909-DCC959E10E2D}.AppStore|iPhoneSimulator.Build.0 = Release|Any CPU
		{354975AD-632B-46C9-9909-DCC959E10E2D}.AppStore|x64.ActiveCfg = Release|Any CPU
		{354975AD-632B-46C9-9909-DCC959E10E2D}.AppStore|x64.Build.0 = Release|Any CPU
		{354975AD-632B-46C9-9909-DCC959E10E2D}.AppStore|x86.ActiveCfg = Release|Any CPU
		{354975AD-632B-46C9-9909-DCC959E10E2D}.AppStore|x86.Build.0 = Release|Any CPU
		{354975AD-632B-46C9-9909-DCC959E10E2D}.Debug|Any CPU.ActiveCfg = Debug|Any CPU
		{354975AD-632B-46C9-9909-DCC959E10E2D}.Debug|Any CPU.Build.0 = Debug|Any CPU
		{354975AD-632B-46C9-9909-DCC959E10E2D}.Debug|ARM.ActiveCfg = Debug|Any CPU
		{354975AD-632B-46C9-9909-DCC959E10E2D}.Debug|ARM.Build.0 = Debug|Any CPU
		{354975AD-632B-46C9-9909-DCC959E10E2D}.Debug|iPhone.ActiveCfg = Debug|Any CPU
		{354975AD-632B-46C9-9909-DCC959E10E2D}.Debug|iPhone.Build.0 = Debug|Any CPU
		{354975AD-632B-46C9-9909-DCC959E10E2D}.Debug|iPhoneSimulator.ActiveCfg = Debug|Any CPU
		{354975AD-632B-46C9-9909-DCC959E10E2D}.Debug|iPhoneSimulator.Build.0 = Debug|Any CPU
		{354975AD-632B-46C9-9909-DCC959E10E2D}.Debug|x64.ActiveCfg = Debug|Any CPU
		{354975AD-632B-46C9-9909-DCC959E10E2D}.Debug|x64.Build.0 = Debug|Any CPU
		{354975AD-632B-46C9-9909-DCC959E10E2D}.Debug|x86.ActiveCfg = Debug|Any CPU
		{354975AD-632B-46C9-9909-DCC959E10E2D}.Debug|x86.Build.0 = Debug|Any CPU
		{354975AD-632B-46C9-9909-DCC959E10E2D}.Release|Any CPU.ActiveCfg = Release|Any CPU
		{354975AD-632B-46C9-9909-DCC959E10E2D}.Release|Any CPU.Build.0 = Release|Any CPU
		{354975AD-632B-46C9-9909-DCC959E10E2D}.Release|ARM.ActiveCfg = Release|Any CPU
		{354975AD-632B-46C9-9909-DCC959E10E2D}.Release|ARM.Build.0 = Release|Any CPU
		{354975AD-632B-46C9-9909-DCC959E10E2D}.Release|iPhone.ActiveCfg = Release|Any CPU
		{354975AD-632B-46C9-9909-DCC959E10E2D}.Release|iPhone.Build.0 = Release|Any CPU
		{354975AD-632B-46C9-9909-DCC959E10E2D}.Release|iPhoneSimulator.ActiveCfg = Release|Any CPU
		{354975AD-632B-46C9-9909-DCC959E10E2D}.Release|iPhoneSimulator.Build.0 = Release|Any CPU
		{354975AD-632B-46C9-9909-DCC959E10E2D}.Release|x64.ActiveCfg = Release|Any CPU
		{354975AD-632B-46C9-9909-DCC959E10E2D}.Release|x64.Build.0 = Release|Any CPU
		{354975AD-632B-46C9-9909-DCC959E10E2D}.Release|x86.ActiveCfg = Release|Any CPU
		{354975AD-632B-46C9-9909-DCC959E10E2D}.Release|x86.Build.0 = Release|Any CPU
		{49879949-2BE1-4F86-8F2B-EF8FF1D523E3}.Ad-Hoc|Any CPU.ActiveCfg = Release|Any CPU
		{49879949-2BE1-4F86-8F2B-EF8FF1D523E3}.Ad-Hoc|Any CPU.Build.0 = Release|Any CPU
		{49879949-2BE1-4F86-8F2B-EF8FF1D523E3}.Ad-Hoc|ARM.ActiveCfg = Release|Any CPU
		{49879949-2BE1-4F86-8F2B-EF8FF1D523E3}.Ad-Hoc|ARM.Build.0 = Release|Any CPU
		{49879949-2BE1-4F86-8F2B-EF8FF1D523E3}.Ad-Hoc|iPhone.ActiveCfg = Release|Any CPU
		{49879949-2BE1-4F86-8F2B-EF8FF1D523E3}.Ad-Hoc|iPhone.Build.0 = Release|Any CPU
		{49879949-2BE1-4F86-8F2B-EF8FF1D523E3}.Ad-Hoc|iPhoneSimulator.ActiveCfg = Release|Any CPU
		{49879949-2BE1-4F86-8F2B-EF8FF1D523E3}.Ad-Hoc|iPhoneSimulator.Build.0 = Release|Any CPU
		{49879949-2BE1-4F86-8F2B-EF8FF1D523E3}.Ad-Hoc|x64.ActiveCfg = Release|Any CPU
		{49879949-2BE1-4F86-8F2B-EF8FF1D523E3}.Ad-Hoc|x64.Build.0 = Release|Any CPU
		{49879949-2BE1-4F86-8F2B-EF8FF1D523E3}.Ad-Hoc|x86.ActiveCfg = Release|Any CPU
		{49879949-2BE1-4F86-8F2B-EF8FF1D523E3}.Ad-Hoc|x86.Build.0 = Release|Any CPU
		{49879949-2BE1-4F86-8F2B-EF8FF1D523E3}.AppStore|Any CPU.ActiveCfg = Release|Any CPU
		{49879949-2BE1-4F86-8F2B-EF8FF1D523E3}.AppStore|Any CPU.Build.0 = Release|Any CPU
		{49879949-2BE1-4F86-8F2B-EF8FF1D523E3}.AppStore|ARM.ActiveCfg = Release|Any CPU
		{49879949-2BE1-4F86-8F2B-EF8FF1D523E3}.AppStore|ARM.Build.0 = Release|Any CPU
		{49879949-2BE1-4F86-8F2B-EF8FF1D523E3}.AppStore|iPhone.ActiveCfg = Release|Any CPU
		{49879949-2BE1-4F86-8F2B-EF8FF1D523E3}.AppStore|iPhone.Build.0 = Release|Any CPU
		{49879949-2BE1-4F86-8F2B-EF8FF1D523E3}.AppStore|iPhoneSimulator.ActiveCfg = Release|Any CPU
		{49879949-2BE1-4F86-8F2B-EF8FF1D523E3}.AppStore|iPhoneSimulator.Build.0 = Release|Any CPU
		{49879949-2BE1-4F86-8F2B-EF8FF1D523E3}.AppStore|x64.ActiveCfg = Release|Any CPU
		{49879949-2BE1-4F86-8F2B-EF8FF1D523E3}.AppStore|x64.Build.0 = Release|Any CPU
		{49879949-2BE1-4F86-8F2B-EF8FF1D523E3}.AppStore|x86.ActiveCfg = Release|Any CPU
		{49879949-2BE1-4F86-8F2B-EF8FF1D523E3}.AppStore|x86.Build.0 = Release|Any CPU
		{49879949-2BE1-4F86-8F2B-EF8FF1D523E3}.Debug|Any CPU.ActiveCfg = Debug|Any CPU
		{49879949-2BE1-4F86-8F2B-EF8FF1D523E3}.Debug|Any CPU.Build.0 = Debug|Any CPU
		{49879949-2BE1-4F86-8F2B-EF8FF1D523E3}.Debug|ARM.ActiveCfg = Debug|Any CPU
		{49879949-2BE1-4F86-8F2B-EF8FF1D523E3}.Debug|ARM.Build.0 = Debug|Any CPU
		{49879949-2BE1-4F86-8F2B-EF8FF1D523E3}.Debug|iPhone.ActiveCfg = Debug|Any CPU
		{49879949-2BE1-4F86-8F2B-EF8FF1D523E3}.Debug|iPhone.Build.0 = Debug|Any CPU
		{49879949-2BE1-4F86-8F2B-EF8FF1D523E3}.Debug|iPhoneSimulator.ActiveCfg = Debug|Any CPU
		{49879949-2BE1-4F86-8F2B-EF8FF1D523E3}.Debug|iPhoneSimulator.Build.0 = Debug|Any CPU
		{49879949-2BE1-4F86-8F2B-EF8FF1D523E3}.Debug|x64.ActiveCfg = Debug|Any CPU
		{49879949-2BE1-4F86-8F2B-EF8FF1D523E3}.Debug|x64.Build.0 = Debug|Any CPU
		{49879949-2BE1-4F86-8F2B-EF8FF1D523E3}.Debug|x86.ActiveCfg = Debug|Any CPU
		{49879949-2BE1-4F86-8F2B-EF8FF1D523E3}.Debug|x86.Build.0 = Debug|Any CPU
		{49879949-2BE1-4F86-8F2B-EF8FF1D523E3}.Release|Any CPU.ActiveCfg = Release|Any CPU
		{49879949-2BE1-4F86-8F2B-EF8FF1D523E3}.Release|Any CPU.Build.0 = Release|Any CPU
		{49879949-2BE1-4F86-8F2B-EF8FF1D523E3}.Release|ARM.ActiveCfg = Release|Any CPU
		{49879949-2BE1-4F86-8F2B-EF8FF1D523E3}.Release|ARM.Build.0 = Release|Any CPU
		{49879949-2BE1-4F86-8F2B-EF8FF1D523E3}.Release|iPhone.ActiveCfg = Release|Any CPU
		{49879949-2BE1-4F86-8F2B-EF8FF1D523E3}.Release|iPhone.Build.0 = Release|Any CPU
		{49879949-2BE1-4F86-8F2B-EF8FF1D523E3}.Release|iPhoneSimulator.ActiveCfg = Release|Any CPU
		{49879949-2BE1-4F86-8F2B-EF8FF1D523E3}.Release|iPhoneSimulator.Build.0 = Release|Any CPU
		{49879949-2BE1-4F86-8F2B-EF8FF1D523E3}.Release|x64.ActiveCfg = Release|Any CPU
		{49879949-2BE1-4F86-8F2B-EF8FF1D523E3}.Release|x64.Build.0 = Release|Any CPU
		{49879949-2BE1-4F86-8F2B-EF8FF1D523E3}.Release|x86.ActiveCfg = Release|Any CPU
		{49879949-2BE1-4F86-8F2B-EF8FF1D523E3}.Release|x86.Build.0 = Release|Any CPU
		{98EB4F67-251E-4874-B902-82D5920E0E67}.Ad-Hoc|Any CPU.ActiveCfg = Release|Any CPU
		{98EB4F67-251E-4874-B902-82D5920E0E67}.Ad-Hoc|Any CPU.Build.0 = Release|Any CPU
		{98EB4F67-251E-4874-B902-82D5920E0E67}.Ad-Hoc|ARM.ActiveCfg = Release|Any CPU
		{98EB4F67-251E-4874-B902-82D5920E0E67}.Ad-Hoc|ARM.Build.0 = Release|Any CPU
		{98EB4F67-251E-4874-B902-82D5920E0E67}.Ad-Hoc|iPhone.ActiveCfg = Release|Any CPU
		{98EB4F67-251E-4874-B902-82D5920E0E67}.Ad-Hoc|iPhone.Build.0 = Release|Any CPU
		{98EB4F67-251E-4874-B902-82D5920E0E67}.Ad-Hoc|iPhoneSimulator.ActiveCfg = Release|Any CPU
		{98EB4F67-251E-4874-B902-82D5920E0E67}.Ad-Hoc|iPhoneSimulator.Build.0 = Release|Any CPU
		{98EB4F67-251E-4874-B902-82D5920E0E67}.Ad-Hoc|x64.ActiveCfg = Release|Any CPU
		{98EB4F67-251E-4874-B902-82D5920E0E67}.Ad-Hoc|x64.Build.0 = Release|Any CPU
		{98EB4F67-251E-4874-B902-82D5920E0E67}.Ad-Hoc|x86.ActiveCfg = Release|Any CPU
		{98EB4F67-251E-4874-B902-82D5920E0E67}.Ad-Hoc|x86.Build.0 = Release|Any CPU
		{98EB4F67-251E-4874-B902-82D5920E0E67}.AppStore|Any CPU.ActiveCfg = Release|Any CPU
		{98EB4F67-251E-4874-B902-82D5920E0E67}.AppStore|Any CPU.Build.0 = Release|Any CPU
		{98EB4F67-251E-4874-B902-82D5920E0E67}.AppStore|ARM.ActiveCfg = Release|Any CPU
		{98EB4F67-251E-4874-B902-82D5920E0E67}.AppStore|ARM.Build.0 = Release|Any CPU
		{98EB4F67-251E-4874-B902-82D5920E0E67}.AppStore|iPhone.ActiveCfg = Release|Any CPU
		{98EB4F67-251E-4874-B902-82D5920E0E67}.AppStore|iPhone.Build.0 = Release|Any CPU
		{98EB4F67-251E-4874-B902-82D5920E0E67}.AppStore|iPhoneSimulator.ActiveCfg = Release|Any CPU
		{98EB4F67-251E-4874-B902-82D5920E0E67}.AppStore|iPhoneSimulator.Build.0 = Release|Any CPU
		{98EB4F67-251E-4874-B902-82D5920E0E67}.AppStore|x64.ActiveCfg = Release|Any CPU
		{98EB4F67-251E-4874-B902-82D5920E0E67}.AppStore|x64.Build.0 = Release|Any CPU
		{98EB4F67-251E-4874-B902-82D5920E0E67}.AppStore|x86.ActiveCfg = Release|Any CPU
		{98EB4F67-251E-4874-B902-82D5920E0E67}.AppStore|x86.Build.0 = Release|Any CPU
		{98EB4F67-251E-4874-B902-82D5920E0E67}.Debug|Any CPU.ActiveCfg = Debug|Any CPU
		{98EB4F67-251E-4874-B902-82D5920E0E67}.Debug|Any CPU.Build.0 = Debug|Any CPU
		{98EB4F67-251E-4874-B902-82D5920E0E67}.Debug|Any CPU.Deploy.0 = Debug|Any CPU
		{98EB4F67-251E-4874-B902-82D5920E0E67}.Debug|ARM.ActiveCfg = Debug|Any CPU
		{98EB4F67-251E-4874-B902-82D5920E0E67}.Debug|ARM.Build.0 = Debug|Any CPU
		{98EB4F67-251E-4874-B902-82D5920E0E67}.Debug|iPhone.ActiveCfg = Debug|Any CPU
		{98EB4F67-251E-4874-B902-82D5920E0E67}.Debug|iPhone.Build.0 = Debug|Any CPU
		{98EB4F67-251E-4874-B902-82D5920E0E67}.Debug|iPhoneSimulator.ActiveCfg = Debug|Any CPU
		{98EB4F67-251E-4874-B902-82D5920E0E67}.Debug|iPhoneSimulator.Build.0 = Debug|Any CPU
		{98EB4F67-251E-4874-B902-82D5920E0E67}.Debug|x64.ActiveCfg = Debug|Any CPU
		{98EB4F67-251E-4874-B902-82D5920E0E67}.Debug|x64.Build.0 = Debug|Any CPU
		{98EB4F67-251E-4874-B902-82D5920E0E67}.Debug|x86.ActiveCfg = Debug|Any CPU
		{98EB4F67-251E-4874-B902-82D5920E0E67}.Debug|x86.Build.0 = Debug|Any CPU
		{98EB4F67-251E-4874-B902-82D5920E0E67}.Release|Any CPU.ActiveCfg = Release|Any CPU
		{98EB4F67-251E-4874-B902-82D5920E0E67}.Release|Any CPU.Build.0 = Release|Any CPU
		{98EB4F67-251E-4874-B902-82D5920E0E67}.Release|Any CPU.Deploy.0 = Release|Any CPU
		{98EB4F67-251E-4874-B902-82D5920E0E67}.Release|ARM.ActiveCfg = Release|Any CPU
		{98EB4F67-251E-4874-B902-82D5920E0E67}.Release|ARM.Build.0 = Release|Any CPU
		{98EB4F67-251E-4874-B902-82D5920E0E67}.Release|iPhone.ActiveCfg = Release|Any CPU
		{98EB4F67-251E-4874-B902-82D5920E0E67}.Release|iPhone.Build.0 = Release|Any CPU
		{98EB4F67-251E-4874-B902-82D5920E0E67}.Release|iPhoneSimulator.ActiveCfg = Release|Any CPU
		{98EB4F67-251E-4874-B902-82D5920E0E67}.Release|iPhoneSimulator.Build.0 = Release|Any CPU
		{98EB4F67-251E-4874-B902-82D5920E0E67}.Release|x64.ActiveCfg = Release|Any CPU
		{98EB4F67-251E-4874-B902-82D5920E0E67}.Release|x64.Build.0 = Release|Any CPU
		{98EB4F67-251E-4874-B902-82D5920E0E67}.Release|x86.ActiveCfg = Release|Any CPU
		{98EB4F67-251E-4874-B902-82D5920E0E67}.Release|x86.Build.0 = Release|Any CPU
		{AA9CD045-37C5-446B-BC12-14DE77A7FBE9}.Ad-Hoc|Any CPU.ActiveCfg = Release|Any CPU
		{AA9CD045-37C5-446B-BC12-14DE77A7FBE9}.Ad-Hoc|Any CPU.Build.0 = Release|Any CPU
		{AA9CD045-37C5-446B-BC12-14DE77A7FBE9}.Ad-Hoc|ARM.ActiveCfg = Release|Any CPU
		{AA9CD045-37C5-446B-BC12-14DE77A7FBE9}.Ad-Hoc|ARM.Build.0 = Release|Any CPU
		{AA9CD045-37C5-446B-BC12-14DE77A7FBE9}.Ad-Hoc|iPhone.ActiveCfg = Release|Any CPU
		{AA9CD045-37C5-446B-BC12-14DE77A7FBE9}.Ad-Hoc|iPhone.Build.0 = Release|Any CPU
		{AA9CD045-37C5-446B-BC12-14DE77A7FBE9}.Ad-Hoc|iPhoneSimulator.ActiveCfg = Release|Any CPU
		{AA9CD045-37C5-446B-BC12-14DE77A7FBE9}.Ad-Hoc|iPhoneSimulator.Build.0 = Release|Any CPU
		{AA9CD045-37C5-446B-BC12-14DE77A7FBE9}.Ad-Hoc|x64.ActiveCfg = Release|Any CPU
		{AA9CD045-37C5-446B-BC12-14DE77A7FBE9}.Ad-Hoc|x64.Build.0 = Release|Any CPU
		{AA9CD045-37C5-446B-BC12-14DE77A7FBE9}.Ad-Hoc|x86.ActiveCfg = Release|Any CPU
		{AA9CD045-37C5-446B-BC12-14DE77A7FBE9}.Ad-Hoc|x86.Build.0 = Release|Any CPU
		{AA9CD045-37C5-446B-BC12-14DE77A7FBE9}.AppStore|Any CPU.ActiveCfg = Release|Any CPU
		{AA9CD045-37C5-446B-BC12-14DE77A7FBE9}.AppStore|Any CPU.Build.0 = Release|Any CPU
		{AA9CD045-37C5-446B-BC12-14DE77A7FBE9}.AppStore|ARM.ActiveCfg = Release|Any CPU
		{AA9CD045-37C5-446B-BC12-14DE77A7FBE9}.AppStore|ARM.Build.0 = Release|Any CPU
		{AA9CD045-37C5-446B-BC12-14DE77A7FBE9}.AppStore|iPhone.ActiveCfg = Release|Any CPU
		{AA9CD045-37C5-446B-BC12-14DE77A7FBE9}.AppStore|iPhone.Build.0 = Release|Any CPU
		{AA9CD045-37C5-446B-BC12-14DE77A7FBE9}.AppStore|iPhoneSimulator.ActiveCfg = Release|Any CPU
		{AA9CD045-37C5-446B-BC12-14DE77A7FBE9}.AppStore|iPhoneSimulator.Build.0 = Release|Any CPU
		{AA9CD045-37C5-446B-BC12-14DE77A7FBE9}.AppStore|x64.ActiveCfg = Release|Any CPU
		{AA9CD045-37C5-446B-BC12-14DE77A7FBE9}.AppStore|x64.Build.0 = Release|Any CPU
		{AA9CD045-37C5-446B-BC12-14DE77A7FBE9}.AppStore|x86.ActiveCfg = Release|Any CPU
		{AA9CD045-37C5-446B-BC12-14DE77A7FBE9}.AppStore|x86.Build.0 = Release|Any CPU
		{AA9CD045-37C5-446B-BC12-14DE77A7FBE9}.Debug|Any CPU.ActiveCfg = Debug|Any CPU
		{AA9CD045-37C5-446B-BC12-14DE77A7FBE9}.Debug|Any CPU.Build.0 = Debug|Any CPU
		{AA9CD045-37C5-446B-BC12-14DE77A7FBE9}.Debug|ARM.ActiveCfg = Debug|Any CPU
		{AA9CD045-37C5-446B-BC12-14DE77A7FBE9}.Debug|ARM.Build.0 = Debug|Any CPU
		{AA9CD045-37C5-446B-BC12-14DE77A7FBE9}.Debug|iPhone.ActiveCfg = Debug|Any CPU
		{AA9CD045-37C5-446B-BC12-14DE77A7FBE9}.Debug|iPhone.Build.0 = Debug|Any CPU
		{AA9CD045-37C5-446B-BC12-14DE77A7FBE9}.Debug|iPhoneSimulator.ActiveCfg = Debug|Any CPU
		{AA9CD045-37C5-446B-BC12-14DE77A7FBE9}.Debug|iPhoneSimulator.Build.0 = Debug|Any CPU
		{AA9CD045-37C5-446B-BC12-14DE77A7FBE9}.Debug|x64.ActiveCfg = Debug|Any CPU
		{AA9CD045-37C5-446B-BC12-14DE77A7FBE9}.Debug|x64.Build.0 = Debug|Any CPU
		{AA9CD045-37C5-446B-BC12-14DE77A7FBE9}.Debug|x86.ActiveCfg = Debug|Any CPU
		{AA9CD045-37C5-446B-BC12-14DE77A7FBE9}.Debug|x86.Build.0 = Debug|Any CPU
		{AA9CD045-37C5-446B-BC12-14DE77A7FBE9}.Release|Any CPU.ActiveCfg = Release|Any CPU
		{AA9CD045-37C5-446B-BC12-14DE77A7FBE9}.Release|Any CPU.Build.0 = Release|Any CPU
		{AA9CD045-37C5-446B-BC12-14DE77A7FBE9}.Release|ARM.ActiveCfg = Release|Any CPU
		{AA9CD045-37C5-446B-BC12-14DE77A7FBE9}.Release|ARM.Build.0 = Release|Any CPU
		{AA9CD045-37C5-446B-BC12-14DE77A7FBE9}.Release|iPhone.ActiveCfg = Release|Any CPU
		{AA9CD045-37C5-446B-BC12-14DE77A7FBE9}.Release|iPhone.Build.0 = Release|Any CPU
		{AA9CD045-37C5-446B-BC12-14DE77A7FBE9}.Release|iPhoneSimulator.ActiveCfg = Release|Any CPU
		{AA9CD045-37C5-446B-BC12-14DE77A7FBE9}.Release|iPhoneSimulator.Build.0 = Release|Any CPU
		{AA9CD045-37C5-446B-BC12-14DE77A7FBE9}.Release|x64.ActiveCfg = Release|Any CPU
		{AA9CD045-37C5-446B-BC12-14DE77A7FBE9}.Release|x64.Build.0 = Release|Any CPU
		{AA9CD045-37C5-446B-BC12-14DE77A7FBE9}.Release|x86.ActiveCfg = Release|Any CPU
		{AA9CD045-37C5-446B-BC12-14DE77A7FBE9}.Release|x86.Build.0 = Release|Any CPU
		{C96EF0A6-41DA-4D85-B54E-76616E4B2DF7}.Ad-Hoc|Any CPU.ActiveCfg = Release|x64
		{C96EF0A6-41DA-4D85-B54E-76616E4B2DF7}.Ad-Hoc|Any CPU.Build.0 = Release|x64
		{C96EF0A6-41DA-4D85-B54E-76616E4B2DF7}.Ad-Hoc|Any CPU.Deploy.0 = Release|x64
		{C96EF0A6-41DA-4D85-B54E-76616E4B2DF7}.Ad-Hoc|ARM.ActiveCfg = Release|ARM
		{C96EF0A6-41DA-4D85-B54E-76616E4B2DF7}.Ad-Hoc|ARM.Build.0 = Release|ARM
		{C96EF0A6-41DA-4D85-B54E-76616E4B2DF7}.Ad-Hoc|ARM.Deploy.0 = Release|ARM
		{C96EF0A6-41DA-4D85-B54E-76616E4B2DF7}.Ad-Hoc|ARM64.ActiveCfg = Release|ARM64
		{C96EF0A6-41DA-4D85-B54E-76616E4B2DF7}.Ad-Hoc|ARM64.Build.0 = Release|ARM64
		{C96EF0A6-41DA-4D85-B54E-76616E4B2DF7}.Ad-Hoc|ARM64.Deploy.0 = Release|ARM64
		{C96EF0A6-41DA-4D85-B54E-76616E4B2DF7}.Ad-Hoc|iPhone.ActiveCfg = Release|x64
		{C96EF0A6-41DA-4D85-B54E-76616E4B2DF7}.Ad-Hoc|iPhone.Build.0 = Release|x64
		{C96EF0A6-41DA-4D85-B54E-76616E4B2DF7}.Ad-Hoc|iPhone.Deploy.0 = Release|x64
		{C96EF0A6-41DA-4D85-B54E-76616E4B2DF7}.Ad-Hoc|iPhoneSimulator.ActiveCfg = Release|x64
		{C96EF0A6-41DA-4D85-B54E-76616E4B2DF7}.Ad-Hoc|iPhoneSimulator.Build.0 = Release|x64
		{C96EF0A6-41DA-4D85-B54E-76616E4B2DF7}.Ad-Hoc|iPhoneSimulator.Deploy.0 = Release|x64
		{C96EF0A6-41DA-4D85-B54E-76616E4B2DF7}.Ad-Hoc|x64.ActiveCfg = Release|x64
		{C96EF0A6-41DA-4D85-B54E-76616E4B2DF7}.Ad-Hoc|x64.Build.0 = Release|x64
		{C96EF0A6-41DA-4D85-B54E-76616E4B2DF7}.Ad-Hoc|x64.Deploy.0 = Release|x64
		{C96EF0A6-41DA-4D85-B54E-76616E4B2DF7}.Ad-Hoc|x86.ActiveCfg = Release|x86
		{C96EF0A6-41DA-4D85-B54E-76616E4B2DF7}.Ad-Hoc|x86.Build.0 = Release|x86
		{C96EF0A6-41DA-4D85-B54E-76616E4B2DF7}.Ad-Hoc|x86.Deploy.0 = Release|x86
		{C96EF0A6-41DA-4D85-B54E-76616E4B2DF7}.AppStore|Any CPU.ActiveCfg = Release|x64
		{C96EF0A6-41DA-4D85-B54E-76616E4B2DF7}.AppStore|Any CPU.Build.0 = Release|x64
		{C96EF0A6-41DA-4D85-B54E-76616E4B2DF7}.AppStore|Any CPU.Deploy.0 = Release|x64
		{C96EF0A6-41DA-4D85-B54E-76616E4B2DF7}.AppStore|ARM.ActiveCfg = Release|ARM
		{C96EF0A6-41DA-4D85-B54E-76616E4B2DF7}.AppStore|ARM.Build.0 = Release|ARM
		{C96EF0A6-41DA-4D85-B54E-76616E4B2DF7}.AppStore|ARM.Deploy.0 = Release|ARM
		{C96EF0A6-41DA-4D85-B54E-76616E4B2DF7}.AppStore|ARM64.ActiveCfg = Release|ARM64
		{C96EF0A6-41DA-4D85-B54E-76616E4B2DF7}.AppStore|ARM64.Build.0 = Release|ARM64
		{C96EF0A6-41DA-4D85-B54E-76616E4B2DF7}.AppStore|ARM64.Deploy.0 = Release|ARM64
		{C96EF0A6-41DA-4D85-B54E-76616E4B2DF7}.AppStore|iPhone.ActiveCfg = Release|x64
		{C96EF0A6-41DA-4D85-B54E-76616E4B2DF7}.AppStore|iPhone.Build.0 = Release|x64
		{C96EF0A6-41DA-4D85-B54E-76616E4B2DF7}.AppStore|iPhone.Deploy.0 = Release|x64
		{C96EF0A6-41DA-4D85-B54E-76616E4B2DF7}.AppStore|iPhoneSimulator.ActiveCfg = Release|x64
		{C96EF0A6-41DA-4D85-B54E-76616E4B2DF7}.AppStore|iPhoneSimulator.Build.0 = Release|x64
		{C96EF0A6-41DA-4D85-B54E-76616E4B2DF7}.AppStore|iPhoneSimulator.Deploy.0 = Release|x64
		{C96EF0A6-41DA-4D85-B54E-76616E4B2DF7}.AppStore|x64.ActiveCfg = Release|x64
		{C96EF0A6-41DA-4D85-B54E-76616E4B2DF7}.AppStore|x64.Build.0 = Release|x64
		{C96EF0A6-41DA-4D85-B54E-76616E4B2DF7}.AppStore|x64.Deploy.0 = Release|x64
		{C96EF0A6-41DA-4D85-B54E-76616E4B2DF7}.AppStore|x86.ActiveCfg = Release|x86
		{C96EF0A6-41DA-4D85-B54E-76616E4B2DF7}.AppStore|x86.Build.0 = Release|x86
		{C96EF0A6-41DA-4D85-B54E-76616E4B2DF7}.AppStore|x86.Deploy.0 = Release|x86
		{C96EF0A6-41DA-4D85-B54E-76616E4B2DF7}.Debug|Any CPU.ActiveCfg = Debug|x86
		{C96EF0A6-41DA-4D85-B54E-76616E4B2DF7}.Debug|ARM.ActiveCfg = Debug|ARM
		{C96EF0A6-41DA-4D85-B54E-76616E4B2DF7}.Debug|ARM.Build.0 = Debug|ARM
		{C96EF0A6-41DA-4D85-B54E-76616E4B2DF7}.Debug|ARM.Deploy.0 = Debug|ARM
		{C96EF0A6-41DA-4D85-B54E-76616E4B2DF7}.Debug|ARM64.ActiveCfg = Debug|ARM64
		{C96EF0A6-41DA-4D85-B54E-76616E4B2DF7}.Debug|ARM64.Build.0 = Debug|ARM64
		{C96EF0A6-41DA-4D85-B54E-76616E4B2DF7}.Debug|ARM64.Deploy.0 = Debug|ARM64
		{C96EF0A6-41DA-4D85-B54E-76616E4B2DF7}.Debug|iPhone.ActiveCfg = Debug|x86
		{C96EF0A6-41DA-4D85-B54E-76616E4B2DF7}.Debug|iPhoneSimulator.ActiveCfg = Debug|x86
		{C96EF0A6-41DA-4D85-B54E-76616E4B2DF7}.Debug|x64.ActiveCfg = Debug|x64
		{C96EF0A6-41DA-4D85-B54E-76616E4B2DF7}.Debug|x64.Build.0 = Debug|x64
		{C96EF0A6-41DA-4D85-B54E-76616E4B2DF7}.Debug|x64.Deploy.0 = Debug|x64
		{C96EF0A6-41DA-4D85-B54E-76616E4B2DF7}.Debug|x86.ActiveCfg = Debug|x86
		{C96EF0A6-41DA-4D85-B54E-76616E4B2DF7}.Debug|x86.Build.0 = Debug|x86
		{C96EF0A6-41DA-4D85-B54E-76616E4B2DF7}.Debug|x86.Deploy.0 = Debug|x86
		{C96EF0A6-41DA-4D85-B54E-76616E4B2DF7}.Release|Any CPU.ActiveCfg = Release|x86
		{C96EF0A6-41DA-4D85-B54E-76616E4B2DF7}.Release|ARM.ActiveCfg = Release|ARM
		{C96EF0A6-41DA-4D85-B54E-76616E4B2DF7}.Release|ARM.Build.0 = Release|ARM
		{C96EF0A6-41DA-4D85-B54E-76616E4B2DF7}.Release|ARM.Deploy.0 = Release|ARM
		{C96EF0A6-41DA-4D85-B54E-76616E4B2DF7}.Release|ARM64.ActiveCfg = Release|ARM64
		{C96EF0A6-41DA-4D85-B54E-76616E4B2DF7}.Release|ARM64.Build.0 = Release|ARM64
		{C96EF0A6-41DA-4D85-B54E-76616E4B2DF7}.Release|ARM64.Deploy.0 = Release|ARM64
		{C96EF0A6-41DA-4D85-B54E-76616E4B2DF7}.Release|iPhone.ActiveCfg = Release|x86
		{C96EF0A6-41DA-4D85-B54E-76616E4B2DF7}.Release|iPhoneSimulator.ActiveCfg = Release|x86
		{C96EF0A6-41DA-4D85-B54E-76616E4B2DF7}.Release|x64.ActiveCfg = Release|x64
		{C96EF0A6-41DA-4D85-B54E-76616E4B2DF7}.Release|x64.Build.0 = Release|x64
		{C96EF0A6-41DA-4D85-B54E-76616E4B2DF7}.Release|x64.Deploy.0 = Release|x64
		{C96EF0A6-41DA-4D85-B54E-76616E4B2DF7}.Release|x86.ActiveCfg = Release|x86
		{C96EF0A6-41DA-4D85-B54E-76616E4B2DF7}.Release|x86.Build.0 = Release|x86
		{C96EF0A6-41DA-4D85-B54E-76616E4B2DF7}.Release|x86.Deploy.0 = Release|x86
	EndGlobalSection
	GlobalSection(SolutionProperties) = preSolution
		HideSolutionNode = FALSE
	EndGlobalSection
	GlobalSection(ExtensibilityGlobals) = postSolution
		SolutionGuid = {F6D05029-56B8-4E45-AF2D-0E76295DDBA2}
	EndGlobalSection
EndGlobal
